{
	"name": "nuxt-jwt",
	"version": "1.0.0",
	"lockfileVersion": 2,
	"requires": true,
	"packages": {
		"": {
			"name": "nuxt-jwt",
			"version": "1.0.0",
			"license": "MIT",
			"dependencies": {
				"defu": "^6.1.2"
			}
		},
		"node_modules/defu": {
			"version": "6.1.2",
			"resolved": "https://registry.npmmirror.com/defu/-/defu-6.1.2.tgz",
			"integrity": "sha512-+uO4+qr7msjNNWKYPHqN/3+Dx3NFkmIzayk2L1MyZQlvgZb/J1A0fo410dpKrN2SnqFjt8n4JL8fDJE0wIgjFQ=="
		}
	},
	"dependencies": {
		"defu": {
			"version": "6.1.2",
			"resolved": "https://registry.npmmirror.com/defu/-/defu-6.1.2.tgz",
			"integrity": "sha512-+uO4+qr7msjNNWKYPHqN/3+Dx3NFkmIzayk2L1MyZQlvgZb/J1A0fo410dpKrN2SnqFjt8n4JL8fDJE0wIgjFQ=="
		}
	}
}
